
Microsoft Visual Studio Solution File, Format Version 12.00
# Visual Studio Version 16
VisualStudioVersion = 16.0.31624.102
MinimumVisualStudioVersion = 10.0.40219.1
Project("{FAE04EC0-301F-11D3-BF4B-00C04F79EFBC}") = "Lab2B", "Lab2B\Lab2B.csproj", "{65767783-C929-448D-AFDF-52E26BF44546}"
EndProject
Global
	GlobalSection(SolutionConfigurationPlatforms) = preSolution
		Debug|Any CPU = Debug|Any CPU
		Release|Any CPU = Release|Any CPU
	EndGlobalSection
	GlobalSection(ProjectConfigurationPlatforms) = postSolution
		{65767783-C929-448D-AFDF-52E26BF44546}.Debug|Any CPU.ActiveCfg = Debug|Any CPU
		{65767783-C929-448D-AFDF-52E26BF44546}.Debug|Any CPU.Build.0 = Debug|Any CPU
		{65767783-C929-448D-AFDF-52E26BF44546}.Release|Any CPU.ActiveCfg = Release|Any CPU
		{65767783-C929-448D-AFDF-52E26BF44546}.Release|Any CPU.Build.0 = Release|Any CPU
	EndGlobalSection
	GlobalSection(SolutionProperties) = preSolution
		HideSolutionNode = FALSE
	EndGlobalSection
	GlobalSection(ExtensibilityGlobals) = postSolution
		SolutionGuid = {867F335A-9628-44AF-AED9-0DD86659F8D8}
	EndGlobalSection
EndGlobal
