
Microsoft Visual Studio Solution File, Format Version 12.00
# Visual Studio Version 16
VisualStudioVersion = 16.0.31624.102
MinimumVisualStudioVersion = 10.0.40219.1
Project("{FAE04EC0-301F-11D3-BF4B-00C04F79EFBC}") = "Lab4A", "Lab4A\Lab4A.csproj", "{176C7ED7-AF9D-426E-8A74-8444C16DDBA2}"
EndProject
Global
	GlobalSection(SolutionConfigurationPlatforms) = preSolution
		Debug|Any CPU = Debug|Any CPU
		Release|Any CPU = Release|Any CPU
	EndGlobalSection
	GlobalSection(ProjectConfigurationPlatforms) = postSolution
		{176C7ED7-AF9D-426E-8A74-8444C16DDBA2}.Debug|Any CPU.ActiveCfg = Debug|Any CPU
		{176C7ED7-AF9D-426E-8A74-8444C16DDBA2}.Debug|Any CPU.Build.0 = Debug|Any CPU
		{176C7ED7-AF9D-426E-8A74-8444C16DDBA2}.Release|Any CPU.ActiveCfg = Release|Any CPU
		{176C7ED7-AF9D-426E-8A74-8444C16DDBA2}.Release|Any CPU.Build.0 = Release|Any CPU
	EndGlobalSection
	GlobalSection(SolutionProperties) = preSolution
		HideSolutionNode = FALSE
	EndGlobalSection
	GlobalSection(ExtensibilityGlobals) = postSolution
		SolutionGuid = {96FEE44A-EA09-4E0D-93E7-E130B500281B}
	EndGlobalSection
EndGlobal
